
Microsoft Visual Studio Solution File, Format Version 12.00
# Visual Studio Version 17
VisualStudioVersion = 17.1.32421.90
MinimumVisualStudioVersion = 10.0.40219.1
Project("{FAE04EC0-301F-11D3-BF4B-00C04F79EFBC}") = "Translator.Server", "Translator\Server\Translator.Server.csproj", "{0CB90BE7-47A7-4E84-84BF-18956441FF1E}"
EndProject
Project("{FAE04EC0-301F-11D3-BF4B-00C04F79EFBC}") = "Translator.Client", "Translator\Client\Translator.Client.csproj", "{D65A6C1E-1564-4C1C-BC9A-24B53E7A99CD}"
EndProject
Project("{FAE04EC0-301F-11D3-BF4B-00C04F79EFBC}") = "Translator.Shared", "Translator\Shared\Translator.Shared.csproj", "{FB2EBDBC-74DE-468D-B9A0-2F20A3BA8C7B}"
EndProject
Global
	GlobalSection(SolutionConfigurationPlatforms) = preSolution
		Debug|Any CPU = Debug|Any CPU
		Release|Any CPU = Release|Any CPU
	EndGlobalSection
	GlobalSection(ProjectConfigurationPlatforms) = postSolution
		{0CB90BE7-47A7-4E84-84BF-18956441FF1E}.Debug|Any CPU.ActiveCfg = Debug|Any CPU
		{0CB90BE7-47A7-4E84-84BF-18956441FF1E}.Debug|Any CPU.Build.0 = Debug|Any CPU
		{0CB90BE7-47A7-4E84-84BF-18956441FF1E}.Release|Any CPU.ActiveCfg = Release|Any CPU
		{0CB90BE7-47A7-4E84-84BF-18956441FF1E}.Release|Any CPU.Build.0 = Release|Any CPU
		{D65A6C1E-1564-4C1C-BC9A-24B53E7A99CD}.Debug|Any CPU.ActiveCfg = Debug|Any CPU
		{D65A6C1E-1564-4C1C-BC9A-24B53E7A99CD}.Debug|Any CPU.Build.0 = Debug|Any CPU
		{D65A6C1E-1564-4C1C-BC9A-24B53E7A99CD}.Release|Any CPU.ActiveCfg = Release|Any CPU
		{D65A6C1E-1564-4C1C-BC9A-24B53E7A99CD}.Release|Any CPU.Build.0 = Release|Any CPU
		{FB2EBDBC-74DE-468D-B9A0-2F20A3BA8C7B}.Debug|Any CPU.ActiveCfg = Debug|Any CPU
		{FB2EBDBC-74DE-468D-B9A0-2F20A3BA8C7B}.Debug|Any CPU.Build.0 = Debug|Any CPU
		{FB2EBDBC-74DE-468D-B9A0-2F20A3BA8C7B}.Release|Any CPU.ActiveCfg = Release|Any CPU
		{FB2EBDBC-74DE-468D-B9A0-2F20A3BA8C7B}.Release|Any CPU.Build.0 = Release|Any CPU
	EndGlobalSection
	GlobalSection(SolutionProperties) = preSolution
		HideSolutionNode = FALSE
	EndGlobalSection
	GlobalSection(ExtensibilityGlobals) = postSolution
		SolutionGuid = {A04689E3-6E95-4ED0-80C5-C0470C8EB994}
	EndGlobalSection
EndGlobal
